
Microsoft Visual Studio Solution File, Format Version 12.00
# Visual Studio 15
VisualStudioVersion = 15.0.28307.438
MinimumVisualStudioVersion = 10.0.40219.1
Project("{FAE04EC0-301F-11D3-BF4B-00C04F79EFBC}") = "Ebay.Automation.E2ETests", "Ebay.Automation.E2ETests\Ebay.Automation.E2ETests.csproj", "{B1DB409E-1561-4B4E-A4E0-74A88DF25936}"
EndProject
Global
	GlobalSection(SolutionConfigurationPlatforms) = preSolution
		Debug|Any CPU = Debug|Any CPU
		Release|Any CPU = Release|Any CPU
	EndGlobalSection
	GlobalSection(ProjectConfigurationPlatforms) = postSolution
		{B1DB409E-1561-4B4E-A4E0-74A88DF25936}.Debug|Any CPU.ActiveCfg = Debug|Any CPU
		{B1DB409E-1561-4B4E-A4E0-74A88DF25936}.Debug|Any CPU.Build.0 = Debug|Any CPU
		{B1DB409E-1561-4B4E-A4E0-74A88DF25936}.Release|Any CPU.ActiveCfg = Release|Any CPU
		{B1DB409E-1561-4B4E-A4E0-74A88DF25936}.Release|Any CPU.Build.0 = Release|Any CPU
	EndGlobalSection
	GlobalSection(SolutionProperties) = preSolution
		HideSolutionNode = FALSE
	EndGlobalSection
	GlobalSection(ExtensibilityGlobals) = postSolution
		SolutionGuid = {1A2ACB4D-75E2-4E1F-9D29-892A232A4440}
	EndGlobalSection
EndGlobal
